// !$*UTF8*$!
{
	archiveVersion = 1;
	classes = {
	};
	objectVersion = 46;
	objects = {

/* Begin PBXBuildFile section */
		5E49B3711E042ECC008ABA6B /* AppDelegate.swift in Sources */ = {isa = PBXBuildFile; fileRef = 5E49B3701E042ECC008ABA6B /* AppDelegate.swift */; };
		5E49B3731E042ECC008ABA6B /* ViewController.swift in Sources */ = {isa = PBXBuildFile; fileRef = 5E49B3721E042ECC008ABA6B /* ViewController.swift */; };
		5E49B3761E042ECC008ABA6B /* Main.storyboard in Resources */ = {isa = PBXBuildFile; fileRef = 5E49B3741E042ECC008ABA6B /* Main.storyboard */; };
		5E49B3781E042ECC008ABA6B /* Assets.xcassets in Resources */ = {isa = PBXBuildFile; fileRef = 5E49B3771E042ECC008ABA6B /* Assets.xcassets */; };
		5E49B37B1E042ECC008ABA6B /* LaunchScreen.storyboard in Resources */ = {isa = PBXBuildFile; fileRef = 5E49B3791E042ECC008ABA6B /* LaunchScreen.storyboard */; };
		5E49B3841E042FE4008ABA6B /* AVScannerViewController.swift in Sources */ = {isa = PBXBuildFile; fileRef = 5E49B3831E042FE4008ABA6B /* AVScannerViewController.swift */; };
		5E49B3861E04337B008ABA6B /* AVScannerPreviewView.swift in Sources */ = {isa = PBXBuildFile; fileRef = 5E49B3851E04337B008ABA6B /* AVScannerPreviewView.swift */; };
		5EA6CB121E0538030008BE7D /* AVScannerFocusView.swift in Sources */ = {isa = PBXBuildFile; fileRef = 5EA6CB111E0538030008BE7D /* AVScannerFocusView.swift */; };
/* End PBXBuildFile section */

/* Begin PBXFileReference section */
		5E49B36D1E042ECC008ABA6B /* AVScanner.app */ = {isa = PBXFileReference; explicitFileType = wrapper.application; includeInIndex = 0; path = AVScanner.app; sourceTree = BUILT_PRODUCTS_DIR; };
		5E49B3701E042ECC008ABA6B /* AppDelegate.swift */ = {isa = PBXFileReference; lastKnownFileType = sourcecode.swift; path = AppDelegate.swift; sourceTree = "<group>"; };
		5E49B3721E042ECC008ABA6B /* ViewController.swift */ = {isa = PBXFileReference; lastKnownFileType = sourcecode.swift; path = ViewController.swift; sourceTree = "<group>"; };
		5E49B3751E042ECC008ABA6B /* Base */ = {isa = PBXFileReference; lastKnownFileType = file.storyboard; name = Base; path = Base.lproj/Main.storyboard; sourceTree = "<group>"; };
		5E49B3771E042ECC008ABA6B /* Assets.xcassets */ = {isa = PBXFileReference; lastKnownFileType = folder.assetcatalog; path = Assets.xcassets; sourceTree = "<group>"; };
		5E49B37A1E042ECC008ABA6B /* Base */ = {isa = PBXFileReference; lastKnownFileType = file.storyboard; name = Base; path = Base.lproj/LaunchScreen.storyboard; sourceTree = "<group>"; };
		5E49B37C1E042ECC008ABA6B /* Info.plist */ = {isa = PBXFileReference; lastKnownFileType = text.plist.xml; path = Info.plist; sourceTree = "<group>"; };
		5E49B3831E042FE4008ABA6B /* AVScannerViewController.swift */ = {isa = PBXFileReference; fileEncoding = 4; lastKnownFileType = sourcecode.swift; name = AVScannerViewController.swift; path = AVScannerViewController/AVScannerViewController.swift; sourceTree = "<group>"; };
		5E49B3851E04337B008ABA6B /* AVScannerPreviewView.swift */ = {isa = PBXFileReference; fileEncoding = 4; lastKnownFileType = sourcecode.swift; name = AVScannerPreviewView.swift; path = AVScannerViewController/AVScannerPreviewView.swift; sourceTree = "<group>"; };
		5EA6CB111E0538030008BE7D /* AVScannerFocusView.swift */ = {isa = PBXFileReference; fileEncoding = 4; lastKnownFileType = sourcecode.swift; name = AVScannerFocusView.swift; path = AVScannerViewController/AVScannerFocusView.swift; sourceTree = "<group>"; };
/* End PBXFileReference section */

/* Begin PBXFrameworksBuildPhase section */
		5E49B36A1E042ECC008ABA6B /* Frameworks */ = {
			isa = PBXFrameworksBuildPhase;
			buildActionMask = 2147483647;
			files = (
			);
			runOnlyForDeploymentPostprocessing = 0;
		};
/* End PBXFrameworksBuildPhase section */

/* Begin PBXGroup section */
		5E49B3641E042ECB008ABA6B = {
			isa = PBXGroup;
			children = (
				5E49B36F1E042ECC008ABA6B /* AVScanner */,
				5E49B36E1E042ECC008ABA6B /* Products */,
			);
			sourceTree = "<group>";
		};
		5E49B36E1E042ECC008ABA6B /* Products */ = {
			isa = PBXGroup;
			children = (
				5E49B36D1E042ECC008ABA6B /* AVScanner.app */,
			);
			name = Products;
			sourceTree = "<group>";
		};
		5E49B36F1E042ECC008ABA6B /* AVScanner */ = {
			isa = PBXGroup;
			children = (
				5E49B3821E042FB9008ABA6B /* AVScannerViewController */,
				5E49B3701E042ECC008ABA6B /* AppDelegate.swift */,
				5E49B3721E042ECC008ABA6B /* ViewController.swift */,
				5E49B3741E042ECC008ABA6B /* Main.storyboard */,
				5E49B3771E042ECC008ABA6B /* Assets.xcassets */,
				5E49B3791E042ECC008ABA6B /* LaunchScreen.storyboard */,
				5E49B37C1E042ECC008ABA6B /* Info.plist */,
			);
			path = AVScanner;
			sourceTree = "<group>";
		};
		5E49B3821E042FB9008ABA6B /* AVScannerViewController */ = {
			isa = PBXGroup;
			children = (
				5E49B3831E042FE4008ABA6B /* AVScannerViewController.swift */,
				5E49B3851E04337B008ABA6B /* AVScannerPreviewView.swift */,
				5EA6CB111E0538030008BE7D /* AVScannerFocusView.swift */,
			);
			name = AVScannerViewController;
			sourceTree = "<group>";
		};
/* End PBXGroup section */

/* Begin PBXNativeTarget section */
		5E49B36C1E042ECC008ABA6B /* AVScanner */ = {
			isa = PBXNativeTarget;
			buildConfigurationList = 5E49B37F1E042ECC008ABA6B /* Build configuration list for PBXNativeTarget "AVScanner" */;
			buildPhases = (
				5E49B3691E042ECC008ABA6B /* Sources */,
				5E49B36A1E042ECC008ABA6B /* Frameworks */,
				5E49B36B1E042ECC008ABA6B /* Resources */,
			);
			buildRules = (
			);
			dependencies = (
			);
			name = AVScanner;
			productName = AVScanner;
			productReference = 5E49B36D1E042ECC008ABA6B /* AVScanner.app */;
			productType = "com.apple.product-type.application";
		};
/* End PBXNativeTarget section */

/* Begin PBXProject section */
		5E49B3651E042ECB008ABA6B /* Project object */ = {
			isa = PBXProject;
			attributes = {
				LastSwiftUpdateCheck = 0810;
				LastUpgradeCheck = 0810;
				ORGANIZATIONNAME = mrfour;
				TargetAttributes = {
					5E49B36C1E042ECC008ABA6B = {
						CreatedOnToolsVersion = 8.1;
						DevelopmentTeam = 3XESJ7333X;
						ProvisioningStyle = Automatic;
					};
				};
			};
			buildConfigurationList = 5E49B3681E042ECB008ABA6B /* Build configuration list for PBXProject "AVScanner" */;
			compatibilityVersion = "Xcode 3.2";
			developmentRegion = English;
			hasScannedForEncodings = 0;
			knownRegions = (
				en,
				Base,
			);
			mainGroup = 5E49B3641E042ECB008ABA6B;
			productRefGroup = 5E49B36E1E042ECC008ABA6B /* Products */;
			projectDirPath = "";
			projectRoot = "";
			targets = (
				5E49B36C1E042ECC008ABA6B /* AVScanner */,
			);
		};
/* End PBXProject section */

/* Begin PBXResourcesBuildPhase section */
		5E49B36B1E042ECC008ABA6B /* Resources */ = {
			isa = PBXResourcesBuildPhase;
			buildActionMask = 2147483647;
			files = (
				5E49B37B1E042ECC008ABA6B /* LaunchScreen.storyboard in Resources */,
				5E49B3781E042ECC008ABA6B /* Assets.xcassets in Resources */,
				5E49B3761E042ECC008ABA6B /* Main.storyboard in Resources */,
			);
			runOnlyForDeploymentPostprocessing = 0;
		};
/* End PBXResourcesBuildPhase section */

/* Begin PBXSourcesBuildPhase section */
		5E49B3691E042ECC008ABA6B /* Sources */ = {
			isa = PBXSourcesBuildPhase;
			buildActionMask = 2147483647;
			files = (
				5E49B3731E042ECC008ABA6B /* ViewController.swift in Sources */,
				5EA6CB121E0538030008BE7D /* AVScannerFocusView.swift in Sources */,
				5E49B3711E042ECC008ABA6B /* AppDelegate.swift in Sources */,
				5E49B3841E042FE4008ABA6B /* AVScannerViewController.swift in Sources */,
				5E49B3861E04337B008ABA6B /* AVScannerPreviewView.swift in Sources */,
			);
			runOnlyForDeploymentPostprocessing = 0;
		};
/* End PBXSourcesBuildPhase section */

/* Begin PBXVariantGroup section */
		5E49B3741E042ECC008ABA6B /* Main.storyboard */ = {
			isa = PBXVariantGroup;
			children = (
				5E49B3751E042ECC008ABA6B /* Base */,
			);
			name = Main.storyboard;
			sourceTree = "<group>";
		};
		5E49B3791E042ECC008ABA6B /* LaunchScreen.storyboard */ = {
			isa = PBXVariantGroup;
			children = (
				5E49B37A1E042ECC008ABA6B /* Base */,
			);
			name = LaunchScreen.storyboard;
			sourceTree = "<group>";
		};
/* End PBXVariantGroup section */

/* Begin XCBuildConfiguration section */
		5E49B37D1E042ECC008ABA6B /* Debug */ = {
			isa = XCBuildConfiguration;
			buildSettings = {
				ALWAYS_SEARCH_USER_PATHS = NO;
				CLANG_ANALYZER_NONNULL = YES;
				CLANG_CXX_LANGUAGE_STANDARD = "gnu++0x";
				CLANG_CXX_LIBRARY = "libc++";
				CLANG_ENABLE_MODULES = YES;
				CLANG_ENABLE_OBJC_ARC = YES;
				CLANG_WARN_BOOL_CONVERSION = YES;
				CLANG_WARN_CONSTANT_CONVERSION = YES;
				CLANG_WARN_DIRECT_OBJC_ISA_USAGE = YES_ERROR;
				CLANG_WARN_DOCUMENTATION_COMMENTS = YES;
				CLANG_WARN_EMPTY_BODY = YES;
				CLANG_WARN_ENUM_CONVERSION = YES;
				CLANG_WARN_INFINITE_RECURSION = YES;
				CLANG_WARN_INT_CONVERSION = YES;
				CLANG_WARN_OBJC_ROOT_CLASS = YES_ERROR;
				CLANG_WARN_SUSPICIOUS_MOVES = YES;
				CLANG_WARN_UNREACHABLE_CODE = YES;
				CLANG_WARN__DUPLICATE_METHOD_MATCH = YES;
				"CODE_SIGN_IDENTITY[sdk=iphoneos*]" = "iPhone Developer";
				COPY_PHASE_STRIP = NO;
				DEBUG_INFORMATION_FORMAT = dwarf;
				ENABLE_STRICT_OBJC_MSGSEND = YES;
				ENABLE_TESTABILITY = YES;
				GCC_C_LANGUAGE_STANDARD = gnu99;
				GCC_DYNAMIC_NO_PIC = NO;
				GCC_NO_COMMON_BLOCKS = YES;
				GCC_OPTIMIZATION_LEVEL = 0;
				GCC_PREPROCESSOR_DEFINITIONS = (
					"DEBUG=1",
					"$(inherited)",
				);
				GCC_WARN_64_TO_32_BIT_CONVERSION = YES;
				GCC_WARN_ABOUT_RETURN_TYPE = YES_ERROR;
				GCC_WARN_UNDECLARED_SELECTOR = YES;
				GCC_WARN_UNINITIALIZED_AUTOS = YES_AGGRESSIVE;
				GCC_WARN_UNUSED_FUNCTION = YES;
				GCC_WARN_UNUSED_VARIABLE = YES;
				IPHONEOS_DEPLOYMENT_TARGET = 10.1;
				MTL_ENABLE_DEBUG_INFO = YES;
				ONLY_ACTIVE_ARCH = YES;
				SDKROOT = iphoneos;
				SWIFT_ACTIVE_COMPILATION_CONDITIONS = DEBUG;
				SWIFT_OPTIMIZATION_LEVEL = "-Onone";
				TARGETED_DEVICE_FAMILY = "1,2";
			};
			name = Debug;
		};
		5E49B37E1E042ECC008ABA6B /* Release */ = {
			isa = XCBuildConfiguration;
			buildSettings = {
				ALWAYS_SEARCH_USER_PATHS = NO;
				CLANG_ANALYZER_NONNULL = YES;
				CLANG_CXX_LANGUAGE_STANDARD = "gnu++0x";
				CLANG_CXX_LIBRARY = "libc++";
				CLANG_ENABLE_MODULES = YES;
				CLANG_ENABLE_OBJC_ARC = YES;
				CLANG_WARN_BOOL_CONVERSION = YES;
				CLANG_WARN_CONSTANT_CONVERSION = YES;
				CLANG_WARN_DIRECT_OBJC_ISA_USAGE = YES_ERROR;
				CLANG_WARN_DOCUMENTATION_COMMENTS = YES;
				CLANG_WARN_EMPTY_BODY = YES;
				CLANG_WARN_ENUM_CONVERSION = YES;
				CLANG_WARN_INFINITE_RECURSION = YES;
				CLANG_WARN_INT_CONVERSION = YES;
				CLANG_WARN_OBJC_ROOT_CLASS = YES_ERROR;
				CLANG_WARN_SUSPICIOUS_MOVES = YES;
				CLANG_WARN_UNREACHABLE_CODE = YES;
				CLANG_WARN__DUPLICATE_METHOD_MATCH = YES;
				"CODE_SIGN_IDENTITY[sdk=iphoneos*]" = "iPhone Developer";
				COPY_PHASE_STRIP = NO;
				DEBUG_INFORMATION_FORMAT = "dwarf-with-dsym";
				ENABLE_NS_ASSERTIONS = NO;
				ENABLE_STRICT_OBJC_MSGSEND = YES;
				GCC_C_LANGUAGE_STANDARD = gnu99;
				GCC_NO_COMMON_BLOCKS = YES;
				GCC_WARN_64_TO_32_BIT_CONVERSION = YES;
				GCC_WARN_ABOUT_RETURN_TYPE = YES_ERROR;
				GCC_WARN_UNDECLARED_SELECTOR = YES;
				GCC_WARN_UNINITIALIZED_AUTOS = YES_AGGRESSIVE;
				GCC_WARN_UNUSED_FUNCTION = YES;
				GCC_WARN_UNUSED_VARIABLE = YES;
				IPHONEOS_DEPLOYMENT_TARGET = 10.1;
				MTL_ENABLE_DEBUG_INFO = NO;
				SDKROOT = iphoneos;
				SWIFT_OPTIMIZATION_LEVEL = "-Owholemodule";
				TARGETED_DEVICE_FAMILY = "1,2";
				VALIDATE_PRODUCT = YES;
			};
			name = Release;
		};
		5E49B3801E042ECC008ABA6B /* Debug */ = {
			isa = XCBuildConfiguration;
			buildSettings = {
				ASSETCATALOG_COMPILER_APPICON_NAME = AppIcon;
				DEVELOPMENT_TEAM = 3XESJ7333X;
				INFOPLIST_FILE = AVScanner/Info.plist;
				LD_RUNPATH_SEARCH_PATHS = "$(inherited) @executable_path/Frameworks";
				PRODUCT_BUNDLE_IDENTIFIER = com.mrfour.AVScanner;
				PRODUCT_NAME = "$(TARGET_NAME)";
				SWIFT_VERSION = 3.0;
			};
			name = Debug;
		};
		5E49B3811E042ECC008ABA6B /* Release */ = {
			isa = XCBuildConfiguration;
			buildSettings = {
				ASSETCATALOG_COMPILER_APPICON_NAME = AppIcon;
				DEVELOPMENT_TEAM = 3XESJ7333X;
				INFOPLIST_FILE = AVScanner/Info.plist;
				LD_RUNPATH_SEARCH_PATHS = "$(inherited) @executable_path/Frameworks";
				PRODUCT_BUNDLE_IDENTIFIER = com.mrfour.AVScanner;
				PRODUCT_NAME = "$(TARGET_NAME)";
				SWIFT_VERSION = 3.0;
			};
			name = Release;
		};
/* End XCBuildConfiguration section */

/* Begin XCConfigurationList section */
		5E49B3681E042ECB008ABA6B /* Build configuration list for PBXProject "AVScanner" */ = {
			isa = XCConfigurationList;
			buildConfigurations = (
				5E49B37D1E042ECC008ABA6B /* Debug */,
				5E49B37E1E042ECC008ABA6B /* Release */,
			);
			defaultConfigurationIsVisible = 0;
			defaultConfigurationName = Release;
		};
		5E49B37F1E042ECC008ABA6B /* Build configuration list for PBXNativeTarget "AVScanner" */ = {
			isa = XCConfigurationList;
			buildConfigurations = (
				5E49B3801E042ECC008ABA6B /* Debug */,
				5E49B3811E042ECC008ABA6B /* Release */,
			);
			defaultConfigurationIsVisible = 0;
			defaultConfigurationName = Release;
		};
/* End XCConfigurationList section */
	};
	rootObject = 5E49B3651E042ECB008ABA6B /* Project object */;
}
